
Microsoft Visual Studio Solution File, Format Version 12.00
# Visual Studio Version 17
VisualStudioVersion = 17.14.36202.13 d17.14
MinimumVisualStudioVersion = 10.0.40219.1
Project("{FAE04EC0-301F-11D3-BF4B-00C04F79EFBC}") = "EX3", "EX3\EX3.csproj", "{FB0CA210-E32F-452B-A579-C4461B0DD96D}"
EndProject
Project("{FAE04EC0-301F-11D3-BF4B-00C04F79EFBC}") = "TEST", "TEST\TEST.csproj", "{C0B447D3-A0D5-4191-9242-1C0E34CB864C}"
EndProject
Global
	GlobalSection(SolutionConfigurationPlatforms) = preSolution
		Debug|Any CPU = Debug|Any CPU
		Release|Any CPU = Release|Any CPU
	EndGlobalSection
	GlobalSection(ProjectConfigurationPlatforms) = postSolution
		{FB0CA210-E32F-452B-A579-C4461B0DD96D}.Debug|Any CPU.ActiveCfg = Debug|Any CPU
		{FB0CA210-E32F-452B-A579-C4461B0DD96D}.Debug|Any CPU.Build.0 = Debug|Any CPU
		{FB0CA210-E32F-452B-A579-C4461B0DD96D}.Release|Any CPU.ActiveCfg = Release|Any CPU
		{FB0CA210-E32F-452B-A579-C4461B0DD96D}.Release|Any CPU.Build.0 = Release|Any CPU
		{C0B447D3-A0D5-4191-9242-1C0E34CB864C}.Debug|Any CPU.ActiveCfg = Debug|Any CPU
		{C0B447D3-A0D5-4191-9242-1C0E34CB864C}.Debug|Any CPU.Build.0 = Debug|Any CPU
		{C0B447D3-A0D5-4191-9242-1C0E34CB864C}.Release|Any CPU.ActiveCfg = Release|Any CPU
		{C0B447D3-A0D5-4191-9242-1C0E34CB864C}.Release|Any CPU.Build.0 = Release|Any CPU
	EndGlobalSection
	GlobalSection(SolutionProperties) = preSolution
		HideSolutionNode = FALSE
	EndGlobalSection
	GlobalSection(ExtensibilityGlobals) = postSolution
		SolutionGuid = {0963A600-8ACD-4817-86C6-F7103BE76060}
	EndGlobalSection
EndGlobal
